version = 1
revision = 1
requires-python = ">=3.13"

[[package]]
name = "asn1crypto"
version = "1.5.1"
source = { registry = "https://pypi.org/simple" }
sdist = { url = "https://files.pythonhosted.org/packages/de/cf/d547feed25b5244fcb9392e288ff9fdc3280b10260362fc45d37a798a6ee/asn1crypto-1.5.1.tar.gz", hash = "sha256:13ae38502be632115abf8a24cbe5f4da52e3b5231990aff31123c805306ccb9c", size = 121080 }
wheels = [
    { url = "https://files.pythonhosted.org/packages/c9/7f/09065fd9e27da0eda08b4d6897f1c13535066174cc023af248fc2a8d5e5a/asn1crypto-1.5.1-py2.py3-none-any.whl", hash = "sha256:db4e40728b728508912cbb3d44f19ce188f218e9eba635821bb4b68564f8fd67", size = 105045 },
]

[[package]]
name = "greenlet"
version = "3.1.1"
source = { registry = "https://pypi.org/simple" }
sdist = { url = "https://files.pythonhosted.org/packages/2f/ff/df5fede753cc10f6a5be0931204ea30c35fa2f2ea7a35b25bdaf4fe40e46/greenlet-3.1.1.tar.gz", hash = "sha256:4ce3ac6cdb6adf7946475d7ef31777c26d94bccc377e070a7986bd2d5c515467", size = 186022 }
wheels = [
    { url = "https://files.pythonhosted.org/packages/f3/57/0db4940cd7bb461365ca8d6fd53e68254c9dbbcc2b452e69d0d41f10a85e/greenlet-3.1.1-cp313-cp313-macosx_11_0_universal2.whl", hash = "sha256:05175c27cb459dcfc05d026c4232f9de8913ed006d42713cb8a5137bd49375f1", size = 272990 },
    { url = "https://files.pythonhosted.org/packages/1c/ec/423d113c9f74e5e402e175b157203e9102feeb7088cee844d735b28ef963/greenlet-3.1.1-cp313-cp313-manylinux_2_17_aarch64.manylinux2014_aarch64.whl", hash = "sha256:935e943ec47c4afab8965954bf49bfa639c05d4ccf9ef6e924188f762145c0ff", size = 649175 },
    { url = "https://files.pythonhosted.org/packages/a9/46/ddbd2db9ff209186b7b7c621d1432e2f21714adc988703dbdd0e65155c77/greenlet-3.1.1-cp313-cp313-manylinux_2_17_ppc64le.manylinux2014_ppc64le.whl", hash = "sha256:667a9706c970cb552ede35aee17339a18e8f2a87a51fba2ed39ceeeb1004798a", size = 663425 },
    { url = "https://files.pythonhosted.org/packages/bc/f9/9c82d6b2b04aa37e38e74f0c429aece5eeb02bab6e3b98e7db89b23d94c6/greenlet-3.1.1-cp313-cp313-manylinux_2_17_s390x.manylinux2014_s390x.whl", hash = "sha256:b8a678974d1f3aa55f6cc34dc480169d58f2e6d8958895d68845fa4ab566509e", size = 657736 },
    { url = "https://files.pythonhosted.org/packages/d9/42/b87bc2a81e3a62c3de2b0d550bf91a86939442b7ff85abb94eec3fc0e6aa/greenlet-3.1.1-cp313-cp313-manylinux_2_17_x86_64.manylinux2014_x86_64.whl", hash = "sha256:efc0f674aa41b92da8c49e0346318c6075d734994c3c4e4430b1c3f853e498e4", size = 660347 },
    { url = "https://files.pythonhosted.org/packages/37/fa/71599c3fd06336cdc3eac52e6871cfebab4d9d70674a9a9e7a482c318e99/greenlet-3.1.1-cp313-cp313-manylinux_2_24_x86_64.manylinux_2_28_x86_64.whl", hash = "sha256:0153404a4bb921f0ff1abeb5ce8a5131da56b953eda6e14b88dc6bbc04d2049e", size = 615583 },
    { url = "https://files.pythonhosted.org/packages/4e/96/e9ef85de031703ee7a4483489b40cf307f93c1824a02e903106f2ea315fe/greenlet-3.1.1-cp313-cp313-musllinux_1_1_aarch64.whl", hash = "sha256:275f72decf9932639c1c6dd1013a1bc266438eb32710016a1c742df5da6e60a1", size = 1133039 },
    { url = "https://files.pythonhosted.org/packages/87/76/b2b6362accd69f2d1889db61a18c94bc743e961e3cab344c2effaa4b4a25/greenlet-3.1.1-cp313-cp313-musllinux_1_1_x86_64.whl", hash = "sha256:c4aab7f6381f38a4b42f269057aee279ab0fc7bf2e929e3d4abfae97b682a12c", size = 1160716 },
    { url = "https://files.pythonhosted.org/packages/1f/1b/54336d876186920e185066d8c3024ad55f21d7cc3683c856127ddb7b13ce/greenlet-3.1.1-cp313-cp313-win_amd64.whl", hash = "sha256:b42703b1cf69f2aa1df7d1030b9d77d3e584a70755674d60e710f0af570f3761", size = 299490 },
    { url = "https://files.pythonhosted.org/packages/5f/17/bea55bf36990e1638a2af5ba10c1640273ef20f627962cf97107f1e5d637/greenlet-3.1.1-cp313-cp313t-manylinux_2_17_aarch64.manylinux2014_aarch64.whl", hash = "sha256:f1695e76146579f8c06c1509c7ce4dfe0706f49c6831a817ac04eebb2fd02011", size = 643731 },
    { url = "https://files.pythonhosted.org/packages/78/d2/aa3d2157f9ab742a08e0fd8f77d4699f37c22adfbfeb0c610a186b5f75e0/greenlet-3.1.1-cp313-cp313t-manylinux_2_17_ppc64le.manylinux2014_ppc64le.whl", hash = "sha256:7876452af029456b3f3549b696bb36a06db7c90747740c5302f74a9e9fa14b13", size = 649304 },
    { url = "https://files.pythonhosted.org/packages/f1/8e/d0aeffe69e53ccff5a28fa86f07ad1d2d2d6537a9506229431a2a02e2f15/greenlet-3.1.1-cp313-cp313t-manylinux_2_17_s390x.manylinux2014_s390x.whl", hash = "sha256:4ead44c85f8ab905852d3de8d86f6f8baf77109f9da589cb4fa142bd3b57b475", size = 646537 },
    { url = "https://files.pythonhosted.org/packages/05/79/e15408220bbb989469c8871062c97c6c9136770657ba779711b90870d867/greenlet-3.1.1-cp313-cp313t-manylinux_2_17_x86_64.manylinux2014_x86_64.whl", hash = "sha256:8320f64b777d00dd7ccdade271eaf0cad6636343293a25074cc5566160e4de7b", size = 642506 },
    { url = "https://files.pythonhosted.org/packages/18/87/470e01a940307796f1d25f8167b551a968540fbe0551c0ebb853cb527dd6/greenlet-3.1.1-cp313-cp313t-manylinux_2_24_x86_64.manylinux_2_28_x86_64.whl", hash = "sha256:6510bf84a6b643dabba74d3049ead221257603a253d0a9873f55f6a59a65f822", size = 602753 },
    { url = "https://files.pythonhosted.org/packages/e2/72/576815ba674eddc3c25028238f74d7b8068902b3968cbe456771b166455e/greenlet-3.1.1-cp313-cp313t-musllinux_1_1_aarch64.whl", hash = "sha256:04b013dc07c96f83134b1e99888e7a79979f1a247e2a9f59697fa14b5862ed01", size = 1122731 },
    { url = "https://files.pythonhosted.org/packages/ac/38/08cc303ddddc4b3d7c628c3039a61a3aae36c241ed01393d00c2fd663473/greenlet-3.1.1-cp313-cp313t-musllinux_1_1_x86_64.whl", hash = "sha256:411f015496fec93c1c8cd4e5238da364e1da7a124bcb293f085bf2860c32c6f6", size = 1142112 },
]

[[package]]
name = "pg8000"
version = "1.31.2"
source = { registry = "https://pypi.org/simple" }
dependencies = [
    { name = "python-dateutil" },
    { name = "scramp" },
]
sdist = { url = "https://files.pythonhosted.org/packages/0f/d7/0554640cbe3e193184796bedb6de23f797c03958425176faf0e694c06eb0/pg8000-1.31.2.tar.gz", hash = "sha256:1ea46cf09d8eca07fe7eaadefd7951e37bee7fabe675df164f1a572ffb300876", size = 113513 }
wheels = [
    { url = "https://files.pythonhosted.org/packages/09/a0/2b30d52017c4ced8fc107386666ea7573954eb708bf66121f0229df05d41/pg8000-1.31.2-py3-none-any.whl", hash = "sha256:436c771ede71af4d4c22ba867a30add0bc5c942d7ab27fadbb6934a487ecc8f6", size = 54494 },
]

[[package]]
name = "python-dateutil"
version = "2.9.0.post0"
source = { registry = "https://pypi.org/simple" }
dependencies = [
    { name = "six" },
]
sdist = { url = "https://files.pythonhosted.org/packages/66/c0/0c8b6ad9f17a802ee498c46e004a0eb49bc148f2fd230864601a86dcf6db/python-dateutil-2.9.0.post0.tar.gz", hash = "sha256:37dd54208da7e1cd875388217d5e00ebd4179249f90fb72437e91a35459a0ad3", size = 342432 }
wheels = [
    { url = "https://files.pythonhosted.org/packages/ec/57/56b9bcc3c9c6a792fcbaf139543cee77261f3651ca9da0c93f5c1221264b/python_dateutil-2.9.0.post0-py2.py3-none-any.whl", hash = "sha256:a8b2bc7bffae282281c8140a97d3aa9c14da0b136dfe83f850eea9a5f7470427", size = 229892 },
]

[[package]]
name = "scramp"
version = "1.4.5"
source = { registry = "https://pypi.org/simple" }
dependencies = [
    { name = "asn1crypto" },
]
sdist = { url = "https://files.pythonhosted.org/packages/f9/fa/8f1b99c3f875f334ac782e173ec03c35c246ec7a94fc5dd85153bc1d8285/scramp-1.4.5.tar.gz", hash = "sha256:be3fbe774ca577a7a658117dca014e5d254d158cecae3dd60332dfe33ce6d78e", size = 16169 }
wheels = [
    { url = "https://files.pythonhosted.org/packages/d9/9f/8b2f2749ccfbe4fcef08650896ac47ed919ff25b7ac57b7a1ae7da16c8c3/scramp-1.4.5-py3-none-any.whl", hash = "sha256:50e37c464fc67f37994e35bee4151e3d8f9320e9c204fca83a5d313c121bbbe7", size = 12781 },
]

[[package]]
name = "six"
version = "1.17.0"
source = { registry = "https://pypi.org/simple" }
sdist = { url = "https://files.pythonhosted.org/packages/94/e7/b2c673351809dca68a0e064b6af791aa332cf192da575fd474ed7d6f16a2/six-1.17.0.tar.gz", hash = "sha256:ff70335d468e7eb6ec65b95b99d3a2836546063f63acc5171de367e834932a81", size = 34031 }
wheels = [
    { url = "https://files.pythonhosted.org/packages/b7/ce/149a00dd41f10bc29e5921b496af8b574d8413afcd5e30dfa0ed46c2cc5e/six-1.17.0-py2.py3-none-any.whl", hash = "sha256:4721f391ed90541fddacab5acf947aa0d3dc7d27b2e1e8eda2be8970586c3274", size = 11050 },
]

[[package]]
name = "sql-project-demo"
version = "0.1.0"
source = { virtual = "." }
dependencies = [
    { name = "pg8000" },
    { name = "sqlalchemy" },
]

[package.metadata]
requires-dist = [
    { name = "pg8000", specifier = ">=1.31.2" },
    { name = "sqlalchemy", specifier = ">=2.0.39" },
]

[[package]]
name = "sqlalchemy"
version = "2.0.39"
source = { registry = "https://pypi.org/simple" }
dependencies = [
    { name = "greenlet", marker = "(python_full_version < '3.14' and platform_machine == 'AMD64') or (python_full_version < '3.14' and platform_machine == 'WIN32') or (python_full_version < '3.14' and platform_machine == 'aarch64') or (python_full_version < '3.14' and platform_machine == 'amd64') or (python_full_version < '3.14' and platform_machine == 'ppc64le') or (python_full_version < '3.14' and platform_machine == 'win32') or (python_full_version < '3.14' and platform_machine == 'x86_64')" },
    { name = "typing-extensions" },
]
sdist = { url = "https://files.pythonhosted.org/packages/00/8e/e77fcaa67f8b9f504b4764570191e291524575ddbfe78a90fc656d671fdc/sqlalchemy-2.0.39.tar.gz", hash = "sha256:5d2d1fe548def3267b4c70a8568f108d1fed7cbbeccb9cc166e05af2abc25c22", size = 9644602 }
wheels = [
    { url = "https://files.pythonhosted.org/packages/32/47/55778362642344324a900b6b2b1b26f7f02225b374eb93adc4a363a2d8ae/sqlalchemy-2.0.39-cp313-cp313-macosx_10_13_x86_64.whl", hash = "sha256:fe193d3ae297c423e0e567e240b4324d6b6c280a048e64c77a3ea6886cc2aa87", size = 2102484 },
    { url = "https://files.pythonhosted.org/packages/1b/e1/f5f26f67d095f408138f0fb2c37f827f3d458f2ae51881546045e7e55566/sqlalchemy-2.0.39-cp313-cp313-macosx_11_0_arm64.whl", hash = "sha256:79f4f502125a41b1b3b34449e747a6abfd52a709d539ea7769101696bdca6716", size = 2092955 },
    { url = "https://files.pythonhosted.org/packages/c5/c2/0db0022fc729a54fc7aef90a3457bf20144a681baef82f7357832b44c566/sqlalchemy-2.0.39-cp313-cp313-manylinux_2_17_aarch64.manylinux2014_aarch64.whl", hash = "sha256:8a10ca7f8a1ea0fd5630f02feb055b0f5cdfcd07bb3715fc1b6f8cb72bf114e4", size = 3179367 },
    { url = "https://files.pythonhosted.org/packages/33/b7/f33743d87d0b4e7a1f12e1631a4b9a29a8d0d7c0ff9b8c896d0bf897fb60/sqlalchemy-2.0.39-cp313-cp313-manylinux_2_17_x86_64.manylinux2014_x86_64.whl", hash = "sha256:e6b0a1c7ed54a5361aaebb910c1fa864bae34273662bb4ff788a527eafd6e14d", size = 3192705 },
    { url = "https://files.pythonhosted.org/packages/c9/74/6814f31719109c973ddccc87bdfc2c2a9bc013bec64a375599dc5269a310/sqlalchemy-2.0.39-cp313-cp313-musllinux_1_2_aarch64.whl", hash = "sha256:52607d0ebea43cf214e2ee84a6a76bc774176f97c5a774ce33277514875a718e", size = 3125927 },
    { url = "https://files.pythonhosted.org/packages/e8/6b/18f476f4baaa9a0e2fbc6808d8f958a5268b637c8eccff497bf96908d528/sqlalchemy-2.0.39-cp313-cp313-musllinux_1_2_x86_64.whl", hash = "sha256:c08a972cbac2a14810463aec3a47ff218bb00c1a607e6689b531a7c589c50723", size = 3154055 },
    { url = "https://files.pythonhosted.org/packages/b4/60/76714cecb528da46bc53a0dd36d1ccef2f74ef25448b630a0a760ad07bdb/sqlalchemy-2.0.39-cp313-cp313-win32.whl", hash = "sha256:23c5aa33c01bd898f879db158537d7e7568b503b15aad60ea0c8da8109adf3e7", size = 2075315 },
    { url = "https://files.pythonhosted.org/packages/5b/7c/76828886d913700548bac5851eefa5b2c0251ebc37921fe476b93ce81b50/sqlalchemy-2.0.39-cp313-cp313-win_amd64.whl", hash = "sha256:4dabd775fd66cf17f31f8625fc0e4cfc5765f7982f94dc09b9e5868182cb71c0", size = 2099175 },
    { url = "https://files.pythonhosted.org/packages/7b/0f/d69904cb7d17e65c65713303a244ec91fd3c96677baf1d6331457fd47e16/sqlalchemy-2.0.39-py3-none-any.whl", hash = "sha256:a1c6b0a5e3e326a466d809b651c63f278b1256146a377a528b6938a279da334f", size = 1898621 },
]

[[package]]
name = "typing-extensions"
version = "4.12.2"
source = { registry = "https://pypi.org/simple" }
sdist = { url = "https://files.pythonhosted.org/packages/df/db/f35a00659bc03fec321ba8bce9420de607a1d37f8342eee1863174c69557/typing_extensions-4.12.2.tar.gz", hash = "sha256:1a7ead55c7e559dd4dee8856e3a88b41225abfe1ce8df57b7c13915fe121ffb8", size = 85321 }
wheels = [
    { url = "https://files.pythonhosted.org/packages/26/9f/ad63fc0248c5379346306f8668cda6e2e2e9c95e01216d2b8ffd9ff037d0/typing_extensions-4.12.2-py3-none-any.whl", hash = "sha256:04e5ca0351e0f3f85c6853954072df659d0d13fac324d0072316b67d7794700d", size = 37438 },
]
