version = 1
revision = 3
requires-python = ">=3.14"

[[package]]
name = "alembic"
version = "1.19.2"
source = { registry = "https://pypi.org/simple" }
dependencies = [
    { name = "mako" },
    { name = "sqlalchemy" },
    { name = "typing-extensions" },
]
sdist = { url = "https://files.pythonhosted.org/packages/34/10/181eecdd552217d0342492bd6f3b8a96e973083379aace3d3402830ddc03/alembic-1.19.2.tar.gz", hash = "sha256:297950a8a91f6770eb82bfbce9bea55c728b90a5386c6e81430191a319d138b0", size = 2082643, upload-time = "2026-09-04T17:10:11.212Z" }
wheels = [
    { url = "https://files.pythonhosted.org/packages/9c/cb/9014784dcb0585977ae23b6f43331d0a33c51ac0d692506d12b4f5ee9f3b/alembic-1.19.2-py3-none-any.whl", hash = "sha256:32d553dcd577e6fe5c3c63e91468526d35e4dcecafe865d7db4e9b328fa93cb2", size = 267399, upload-time = "2026-09-04T17:10:12.796Z" },
]

[[package]]
name = "black"
version = "26.5.1"
source = { registry = "https://pypi.org/simple" }
dependencies = [
    { name = "click" },
    { name = "mypy-extensions" },
    { name = "packaging" },
    { name = "pathspec" },
    { name = "platformdirs" },
    { name = "pytokens" },
]
sdist = { url = "https://files.pythonhosted.org/packages/c0/37/5628dd55bf2b34257fc7603f0fe97c40e3aaf24265f416a9c85c95ca1436/black-26.5.1.tar.gz", hash = "sha256:dd321f668053961824bcc1be1cc1df748b2d7e4fa28086b08331e577b0100a73", size = 679439, upload-time = "2026-05-18T16:53:36.107Z" }
wheels = [
    { url = "https://files.pythonhosted.org/packages/a6/16/a8da8eb208c51c7f4ce74609a45d0dcc6d8a2141e45e81ee5289d1bb0d59/black-26.5.1-cp314-cp314-macosx_10_15_x86_64.whl", hash = "sha256:e88976690a64b0af98312ca958415849cb42423423c5f2ee74af4b49a97a2168", size = 2004800, upload-time = "2026-05-18T17:05:38.182Z" },
    { url = "https://files.pythonhosted.org/packages/11/8a/a479296a19e383b70a725882a6cf3d786540601ff03cabbaaf1cce864c5a/black-26.5.1-cp314-cp314-macosx_11_0_arm64.whl", hash = "sha256:32d5ea7f6c8bdfa6e648326ebca1f02b0764e2a029edc6f8dce2627e19d468c3", size = 1815576, upload-time = "2026-05-18T17:05:40.309Z" },
    { url = "https://files.pythonhosted.org/packages/81/6b/cfaf3d39f25132c156a068f6b805576c9103a84086019507c70e1911ee7d/black-26.5.1-cp314-cp314-manylinux2014_x86_64.manylinux_2_17_x86_64.manylinux_2_28_x86_64.whl", hash = "sha256:ea8d16dc41655aa113cd64665e7219446cd7e4ff2248d7178eaa905190c86b18", size = 1877927, upload-time = "2026-05-18T17:05:42.463Z" },
    { url = "https://files.pythonhosted.org/packages/66/76/302e313964bcff7e28df329d39f84f5270095730d85ff0acc260610a0d82/black-26.5.1-cp314-cp314-win_amd64.whl", hash = "sha256:577f21094ea469ef92ec1adaf2c9441a226d2144d01a5be2fa823cecf6543e50", size = 1511860, upload-time = "2026-05-18T17:05:43.943Z" },
    { url = "https://files.pythonhosted.org/packages/27/4e/a3827e35e0e567f9f9ee59e2a0ab979267dca98718f25547ca8c6733afd4/black-26.5.1-cp314-cp314-win_arm64.whl", hash = "sha256:ed1a20af114c301a0269bf01163d51dbef72737fd65f850001e7cbe7f3c7abae", size = 1316632, upload-time = "2026-05-18T17:05:45.521Z" },
    { url = "https://files.pythonhosted.org/packages/94/51/f975cae76d44274cc2868dc9040ac5d58d464784610234455b4e7b19c6ef/black-26.5.1-py3-none-any.whl", hash = "sha256:4ed7f7da04046d2e488437170797d3b4a4ad83906683bcb7dfc68b673bbce5e2", size = 213693, upload-time = "2026-05-18T16:53:33.964Z" },
]

[[package]]
name = "blog-app"
version = "0.1.0"
source = { virtual = "." }
dependencies = [
    { name = "alembic" },
    { name = "psycopg", extra = ["binary"] },
    { name = "sqlalchemy" },
]

[package.dev-dependencies]
dev = [
    { name = "black" },
]

[package.metadata]
requires-dist = [
    { name = "alembic", specifier = ">=1.19.2" },
    { name = "psycopg", extras = ["binary"], specifier = ">=3.3.5" },
    { name = "sqlalchemy", specifier = ">=2.0.52" },
]

[package.metadata.requires-dev]
dev = [{ name = "black", specifier = ">=26.5.1" }]

[[package]]
name = "click"
version = "8.5.0"
source = { registry = "https://pypi.org/simple" }
sdist = { url = "https://files.pythonhosted.org/packages/c7/0e/7fa0ef50764b67090eca4114772a2abf8b6148198475e54c660b97caeee6/click-8.5.0.tar.gz", hash = "sha256:ba0d2089de75ea0310e2dde03160e6ca10009947fb95a182f9b54021bb272e34", size = 382235, upload-time = "2026-08-26T13:33:14.56Z" }
wheels = [
    { url = "https://files.pythonhosted.org/packages/58/50/6c0d534c5f134586a8e1ba4e330569e32f057e33372ae556463212fb4cd3/click-8.5.0-py3-none-any.whl", hash = "sha256:255bc9599cf7748b4b1a446ccc735421bd08a2ae529a8b88597d3de5664ee360", size = 125251, upload-time = "2026-08-26T13:33:12.928Z" },
]

[[package]]
name = "greenlet"
version = "3.5.5"
source = { registry = "https://pypi.org/simple" }
sdist = { url = "https://files.pythonhosted.org/packages/0b/d8/7cc97c142388aef03f622e001c572c4f84e9252a439549d483f555771970/greenlet-3.5.5.tar.gz", hash = "sha256:adb4bae02e91a8e863e48b177e4014bdcac8a6b5e047ea1df687a61534b85e6c", size = 207585, upload-time = "2026-08-10T15:09:36.136Z" }
wheels = [
    { url = "https://files.pythonhosted.org/packages/7f/8c/080e881fa2be95ff1ddbd6994b2bab3b1a78df3b3fcab39306011764fcc7/greenlet-3.5.5-cp314-cp314-macosx_11_0_universal2.whl", hash = "sha256:d4a389a852e392a6366058651a20fa5ba40d979865aa81bea2ccbdc44805070d", size = 295309, upload-time = "2026-08-10T13:26:03.032Z" },
    { url = "https://files.pythonhosted.org/packages/25/cc/0ac614e6586c0e42d4cc281a5819150f4f43685744a4c5ff77139286409d/greenlet-3.5.5-cp314-cp314-manylinux_2_24_aarch64.manylinux_2_28_aarch64.whl", hash = "sha256:70b157cd319873e8b544ddc2de158f55bbd0a9b0218c8ce9332039801518e328", size = 661185, upload-time = "2026-08-10T14:14:37.867Z" },
    { url = "https://files.pythonhosted.org/packages/5e/b9/6808725354be8ad305dfe5172377664fc9642d4fc043be246b3314cf4482/greenlet-3.5.5-cp314-cp314-manylinux_2_24_ppc64le.manylinux_2_28_ppc64le.whl", hash = "sha256:8bdfd1424abcf26832961e766570cae79efdb9599d709088c9cb6ef82b194926", size = 673419, upload-time = "2026-08-10T14:27:28.652Z" },
    { url = "https://files.pythonhosted.org/packages/42/2e/40c509967da7f254680826a2fa0dd22138ec79946c70b97542d74cde8b43/greenlet-3.5.5-cp314-cp314-manylinux_2_24_x86_64.manylinux_2_28_x86_64.whl", hash = "sha256:182de51c6b572a705f2fafaab2e783bcf7d2760940229dfe73086cbae037af3e", size = 670822, upload-time = "2026-08-10T13:40:51.833Z" },
    { url = "https://files.pythonhosted.org/packages/2d/22/c3c2eee4a8fe191d6d1d183086c56133d646024e3d70bfd414829f64560b/greenlet-3.5.5-cp314-cp314-musllinux_1_2_aarch64.whl", hash = "sha256:8fec3f165dfe332e490c3247c0f6c23b0bfc45f06496ad7f00ddb00e3d35e4dc", size = 1628469, upload-time = "2026-08-10T14:15:08.11Z" },
    { url = "https://files.pythonhosted.org/packages/f7/87/25babd09b94cb1f03e71db815fde463f0262e40cfbd953d58a8d77311351/greenlet-3.5.5-cp314-cp314-musllinux_1_2_x86_64.whl", hash = "sha256:c6ce25fee6cabc8bf22cb8b52e642cbb821be5b9aec8094d07ff03378141b8e9", size = 1691952, upload-time = "2026-08-10T13:40:33.502Z" },
    { url = "https://files.pythonhosted.org/packages/2e/3d/5cc9701117ea4dc0eb7bf1f4f9b7888a6e2e5277ddfae095805ace50f2b6/greenlet-3.5.5-cp314-cp314-win_amd64.whl", hash = "sha256:7dffc5c859fe6059974df1e37d7923d654a83e2ae18fdd616994270e001115e1", size = 327458, upload-time = "2026-08-10T13:27:02.868Z" },
    { url = "https://files.pythonhosted.org/packages/a7/6b/594fa2de7fae7629168a404a4305d7d7e31a5742c50a801b1839543cb93d/greenlet-3.5.5-cp314-cp314-win_arm64.whl", hash = "sha256:5e2afcfc4d4305dd715809b03da5cbe437c8984f61d8917751eb5fe4aefa3e07", size = 311146, upload-time = "2026-08-10T13:27:25.046Z" },
    { url = "https://files.pythonhosted.org/packages/24/e0/50cd600b469e5734c72709b6b1838b6bc63f307b573c772c3132d6ecfe92/greenlet-3.5.5-cp314-cp314t-macosx_11_0_universal2.whl", hash = "sha256:0e5a7de979d764aea1f5b6e95cf92b5b37741b9823702041f34b126e7f690277", size = 305471, upload-time = "2026-08-10T13:26:20.568Z" },
    { url = "https://files.pythonhosted.org/packages/75/a3/77acd66dfc6387b5219b2080806c0cabb73c10eb1bb44b413c40a62015ba/greenlet-3.5.5-cp314-cp314t-manylinux_2_24_aarch64.manylinux_2_28_aarch64.whl", hash = "sha256:fef01bd457f11fc158b130ca0027a3c365693280e8e231b65bdaf57999f39f5b", size = 672470, upload-time = "2026-08-10T14:14:39.058Z" },
    { url = "https://files.pythonhosted.org/packages/b9/71/0d178142dca3ec19f46fb2212ae73d30ad53b9d548dc64804086033a7089/greenlet-3.5.5-cp314-cp314t-manylinux_2_24_ppc64le.manylinux_2_28_ppc64le.whl", hash = "sha256:5173a72310725a74afc82c164f0e52cb8ad0de62f2bb623f24f6c0cc07d80272", size = 679973, upload-time = "2026-08-10T14:27:30.072Z" },
    { url = "https://files.pythonhosted.org/packages/6e/31/46eb8567302eaf787abf88d09df014e14ae3baf460af1b8b0efdbd3efcd5/greenlet-3.5.5-cp314-cp314t-manylinux_2_24_x86_64.manylinux_2_28_x86_64.whl", hash = "sha256:44f08341873200ba8a60a8bc14ace3d91f1754f7fa7bc66157714a8cd420a476", size = 676634, upload-time = "2026-08-10T13:40:53.004Z" },
    { url = "https://files.pythonhosted.org/packages/a3/e9/b88bbf5b29970cb84172dc2c32aa3e5e579ceb94c808e81c826454138850/greenlet-3.5.5-cp314-cp314t-musllinux_1_2_aarch64.whl", hash = "sha256:d246c0db9a2513cd45f019ba178ea4d4d4705bd210ee465e2c15d76a1ab13874", size = 1637320, upload-time = "2026-08-10T14:15:09.317Z" },
    { url = "https://files.pythonhosted.org/packages/6d/8c/7631ed29cc6f0392f11830076e172ce4885e70b0bc2c1bce1731176d4b4e/greenlet-3.5.5-cp314-cp314t-musllinux_1_2_x86_64.whl", hash = "sha256:72507285b5caa1d17904a3f7c322ca780823a54170a0e04ec3f37bcc60d4db71", size = 1697412, upload-time = "2026-08-10T13:40:34.924Z" },
    { url = "https://files.pythonhosted.org/packages/da/0f/f7dd935f9c4cb1be49098770587f54d8a78518e55c89bce86c4fb4109057/greenlet-3.5.5-cp314-cp314t-win_amd64.whl", hash = "sha256:7805655781fb8f28a55d05fe57ed61f5f10f1892fb587673e3bb5264f28041f0", size = 331514, upload-time = "2026-08-10T13:29:20.611Z" },
    { url = "https://files.pythonhosted.org/packages/b7/e5/681b01f8fbc1b55232822f99e8f8afeb78a55a7c76a7bf9dbdc7ccb03a6d/greenlet-3.5.5-cp315-cp315-macosx_11_0_universal2.whl", hash = "sha256:c0db80fcd5b8aece93f66c64f78a786bbb6b96c5fe63ef5a5a4581ecf8bab206", size = 295975, upload-time = "2026-08-10T13:28:45.985Z" },
    { url = "https://files.pythonhosted.org/packages/11/f2/69b488cd9e7267bf4b0fe8cdebf25d8d6df680d21bdf41150d23e23d6652/greenlet-3.5.5-cp315-cp315-manylinux_2_24_aarch64.manylinux_2_28_aarch64.whl", hash = "sha256:6b241c32f912ada659808d68e308c568baf577eebf757d15471472de0c18cfad", size = 666823, upload-time = "2026-08-10T14:14:40.222Z" },
    { url = "https://files.pythonhosted.org/packages/84/d4/d5bc2fdebbdda0c94555925ba79948b8395d75a7f6a36cc85dce5bab9f11/greenlet-3.5.5-cp315-cp315-manylinux_2_24_ppc64le.manylinux_2_28_ppc64le.whl", hash = "sha256:ef6a08349401d8eaf3cb12688ac8557de95788556b8631ef17555a4a173022c0", size = 677613, upload-time = "2026-08-10T14:27:31.543Z" },
    { url = "https://files.pythonhosted.org/packages/bd/93/542d8a3a90f3b35c6ad8bf7e56a03010287f2cafa289a5b7985b5207db39/greenlet-3.5.5-cp315-cp315-manylinux_2_24_x86_64.manylinux_2_28_x86_64.whl", hash = "sha256:f2e3d061b8e13aec2f0441689b3c71b244a20e5d274a52cb0f7e31bd1d139552", size = 675930, upload-time = "2026-08-10T13:40:54.205Z" },
    { url = "https://files.pythonhosted.org/packages/52/b5/89c9f2e8460d71101037d47a1feed11928615a5edd42370be290e0657eeb/greenlet-3.5.5-cp315-cp315-musllinux_1_2_aarch64.whl", hash = "sha256:9ab5f5b93655e77fe0d6c2dfd22b5eac751bb1f876d8ec21761b7c1fb9266007", size = 1633878, upload-time = "2026-08-10T14:15:10.693Z" },
    { url = "https://files.pythonhosted.org/packages/b8/60/297de93f3b02ac78a5e04d32bb8bbe3080f4a73d8ed95016561463b70618/greenlet-3.5.5-cp315-cp315-musllinux_1_2_x86_64.whl", hash = "sha256:f0e5a21bd4452a88cf032fc43c4a5b307ab1380eacb63b5988f9c0317885e773", size = 1696597, upload-time = "2026-08-10T13:40:36.252Z" },
    { url = "https://files.pythonhosted.org/packages/18/25/54c6eaff4f337fb670215e89eb2d00d9499487b658e709d4b477be4a342e/greenlet-3.5.5-cp315-cp315-win_amd64.whl", hash = "sha256:469dbb0a78625642f4a626cfd0c6e8bccc0385b5e49189b6308bbe849ec88a8e", size = 327700, upload-time = "2026-08-10T13:28:06.752Z" },
    { url = "https://files.pythonhosted.org/packages/67/67/857e88a36301caa0e029870132c2478bd55d896630321432afab03a3115f/greenlet-3.5.5-cp315-cp315-win_arm64.whl", hash = "sha256:2d57406c3efd32d7a81e17a674314e8bd00792cdab49ea3228a49aa1bfb2e769", size = 311750, upload-time = "2026-08-10T13:34:08.815Z" },
    { url = "https://files.pythonhosted.org/packages/10/e2/3144c0a116067ac1e30457b0139a94d60d1d36a86e015de68e9ac87cb3bc/greenlet-3.5.5-cp315-cp315t-macosx_11_0_universal2.whl", hash = "sha256:68184dfcf50ccaa8e864770fe0633a7e27250ea9329f8192ef47ee9ecfd78e1c", size = 306387, upload-time = "2026-08-10T13:27:00.897Z" },
    { url = "https://files.pythonhosted.org/packages/5c/a1/cb4223a7e9b9f43b8807e8eb212358bfe2dfaa174a9ea2889eb1714dcba2/greenlet-3.5.5-cp315-cp315t-manylinux_2_24_aarch64.manylinux_2_28_aarch64.whl", hash = "sha256:9ec0dc0e59dc9c61af5c47348365ccbbd7addfafe0a93b00336ff3da2907bdc6", size = 676472, upload-time = "2026-08-10T14:14:41.417Z" },
    { url = "https://files.pythonhosted.org/packages/9e/cd/a154b4498e5d8f12ada291cfb3b8d596eadde2177f5bf09a9be699d2a446/greenlet-3.5.5-cp315-cp315t-manylinux_2_24_ppc64le.manylinux_2_28_ppc64le.whl", hash = "sha256:e604f58e35833fc46ef20302bcb314dddbfd3fcf33a4f936216d51dd678d63ae", size = 684238, upload-time = "2026-08-10T14:27:32.946Z" },
    { url = "https://files.pythonhosted.org/packages/bf/bb/b0031d260c2968a3c87deebc51d80c64e499377f993aafe06ee3b7488cc2/greenlet-3.5.5-cp315-cp315t-manylinux_2_24_x86_64.manylinux_2_28_x86_64.whl", hash = "sha256:40239b5384f96da3963585cc6d7eaa9b56f8ae67e8d92cc82dd9e202fc847de3", size = 681246, upload-time = "2026-08-10T13:40:55.402Z" },
    { url = "https://files.pythonhosted.org/packages/9a/07/da554b71ab88e649da146e1065d86a48a5c5d92e50ab74ef41b504aa7f56/greenlet-3.5.5-cp315-cp315t-musllinux_1_2_aarch64.whl", hash = "sha256:a1eaccf5c3a1d3e46dead602c72e6836731e8e245c9de6a27764567b6b62d4c0", size = 1642735, upload-time = "2026-08-10T14:15:11.92Z" },
    { url = "https://files.pythonhosted.org/packages/78/76/26a3782a051677668af9d92beaa47cd87ba9dd5072f762961144a03dd4c6/greenlet-3.5.5-cp315-cp315t-musllinux_1_2_x86_64.whl", hash = "sha256:19e4e026fe20691f333b8eb1a3bc9625eceba8c3f9d62ec5a6f8581afbc6b5a5", size = 1700925, upload-time = "2026-08-10T13:40:37.656Z" },
    { url = "https://files.pythonhosted.org/packages/28/d9/fe7baf4190c2ae71f267efb9de21b3172bb35bc0ed1ef53dd6027d658e33/greenlet-3.5.5-cp315-cp315t-win_amd64.whl", hash = "sha256:712aee154f648bde84634654bb38bb78c69ac640c37a45c9effed800735049d8", size = 331829, upload-time = "2026-08-10T13:26:48.851Z" },
    { url = "https://files.pythonhosted.org/packages/df/af/419a4e383bd600858a9b67e9b280a60fdc383ee3f2fe5b6c0c1ef04e74d1/greenlet-3.5.5-cp315-cp315t-win_arm64.whl", hash = "sha256:7f049911ee81a16a03c33d5450d8d5867d27f596ca5fb201b86f4524e874468b", size = 315093, upload-time = "2026-08-10T13:29:34.949Z" },
]

[[package]]
name = "mako"
version = "1.4.1"
source = { registry = "https://pypi.org/simple" }
dependencies = [
    { name = "markupsafe" },
]
sdist = { url = "https://files.pythonhosted.org/packages/2a/12/b5fa2353e2754cd67fb9f83793fa48ff42c213a5da7e719869d2301f6ab8/mako-1.4.1.tar.gz", hash = "sha256:d7904710b662996425a21627710c4777c45053146942cf8a7aebf757c92b8c27", size = 410165, upload-time = "2026-08-05T06:10:56.611Z" }
wheels = [
    { url = "https://files.pythonhosted.org/packages/a5/54/12ed58d458474aaab5c3d180173e745a4fe131bb330370596876d19ff60f/mako-1.4.1-py3-none-any.whl", hash = "sha256:a359d9a94a541213958742b2698d0a7757bb83551767bc468a74b9905aba9617", size = 80010, upload-time = "2026-08-05T06:10:58.248Z" },
]

[[package]]
name = "markupsafe"
version = "3.0.3"
source = { registry = "https://pypi.org/simple" }
sdist = { url = "https://files.pythonhosted.org/packages/7e/99/7690b6d4034fffd95959cbe0c02de8deb3098cc577c67bb6a24fe5d7caa7/markupsafe-3.0.3.tar.gz", hash = "sha256:722695808f4b6457b320fdc131280796bdceb04ab50fe1795cd540799ebe1698", size = 80313, upload-time = "2025-09-27T18:37:40.426Z" }
wheels = [
    { url = "https://files.pythonhosted.org/packages/33/8a/8e42d4838cd89b7dde187011e97fe6c3af66d8c044997d2183fbd6d31352/markupsafe-3.0.3-cp314-cp314-macosx_10_13_x86_64.whl", hash = "sha256:eaa9599de571d72e2daf60164784109f19978b327a3910d3e9de8c97b5b70cfe", size = 11619, upload-time = "2025-09-27T18:37:06.342Z" },
    { url = "https://files.pythonhosted.org/packages/b5/64/7660f8a4a8e53c924d0fa05dc3a55c9cee10bbd82b11c5afb27d44b096ce/markupsafe-3.0.3-cp314-cp314-macosx_11_0_arm64.whl", hash = "sha256:c47a551199eb8eb2121d4f0f15ae0f923d31350ab9280078d1e5f12b249e0026", size = 12029, upload-time = "2025-09-27T18:37:07.213Z" },
    { url = "https://files.pythonhosted.org/packages/da/ef/e648bfd021127bef5fa12e1720ffed0c6cbb8310c8d9bea7266337ff06de/markupsafe-3.0.3-cp314-cp314-manylinux2014_aarch64.manylinux_2_17_aarch64.manylinux_2_28_aarch64.whl", hash = "sha256:f34c41761022dd093b4b6896d4810782ffbabe30f2d443ff5f083e0cbbb8c737", size = 24408, upload-time = "2025-09-27T18:37:09.572Z" },
    { url = "https://files.pythonhosted.org/packages/41/3c/a36c2450754618e62008bf7435ccb0f88053e07592e6028a34776213d877/markupsafe-3.0.3-cp314-cp314-manylinux2014_x86_64.manylinux_2_17_x86_64.manylinux_2_28_x86_64.whl", hash = "sha256:457a69a9577064c05a97c41f4e65148652db078a3a509039e64d3467b9e7ef97", size = 23005, upload-time = "2025-09-27T18:37:10.58Z" },
    { url = "https://files.pythonhosted.org/packages/bc/20/b7fdf89a8456b099837cd1dc21974632a02a999ec9bf7ca3e490aacd98e7/markupsafe-3.0.3-cp314-cp314-manylinux_2_31_riscv64.manylinux_2_39_riscv64.whl", hash = "sha256:e8afc3f2ccfa24215f8cb28dcf43f0113ac3c37c2f0f0806d8c70e4228c5cf4d", size = 22048, upload-time = "2025-09-27T18:37:11.547Z" },
    { url = "https://files.pythonhosted.org/packages/9a/a7/591f592afdc734f47db08a75793a55d7fbcc6902a723ae4cfbab61010cc5/markupsafe-3.0.3-cp314-cp314-musllinux_1_2_aarch64.whl", hash = "sha256:ec15a59cf5af7be74194f7ab02d0f59a62bdcf1a537677ce67a2537c9b87fcda", size = 23821, upload-time = "2025-09-27T18:37:12.48Z" },
    { url = "https://files.pythonhosted.org/packages/7d/33/45b24e4f44195b26521bc6f1a82197118f74df348556594bd2262bda1038/markupsafe-3.0.3-cp314-cp314-musllinux_1_2_riscv64.whl", hash = "sha256:0eb9ff8191e8498cca014656ae6b8d61f39da5f95b488805da4bb029cccbfbaf", size = 21606, upload-time = "2025-09-27T18:37:13.485Z" },
    { url = "https://files.pythonhosted.org/packages/ff/0e/53dfaca23a69fbfbbf17a4b64072090e70717344c52eaaaa9c5ddff1e5f0/markupsafe-3.0.3-cp314-cp314-musllinux_1_2_x86_64.whl", hash = "sha256:2713baf880df847f2bece4230d4d094280f4e67b1e813eec43b4c0e144a34ffe", size = 23043, upload-time = "2025-09-27T18:37:14.408Z" },
    { url = "https://files.pythonhosted.org/packages/46/11/f333a06fc16236d5238bfe74daccbca41459dcd8d1fa952e8fbd5dccfb70/markupsafe-3.0.3-cp314-cp314-win32.whl", hash = "sha256:729586769a26dbceff69f7a7dbbf59ab6572b99d94576a5592625d5b411576b9", size = 14747, upload-time = "2025-09-27T18:37:15.36Z" },
    { url = "https://files.pythonhosted.org/packages/28/52/182836104b33b444e400b14f797212f720cbc9ed6ba34c800639d154e821/markupsafe-3.0.3-cp314-cp314-win_amd64.whl", hash = "sha256:bdc919ead48f234740ad807933cdf545180bfbe9342c2bb451556db2ed958581", size = 15341, upload-time = "2025-09-27T18:37:16.496Z" },
    { url = "https://files.pythonhosted.org/packages/6f/18/acf23e91bd94fd7b3031558b1f013adfa21a8e407a3fdb32745538730382/markupsafe-3.0.3-cp314-cp314-win_arm64.whl", hash = "sha256:5a7d5dc5140555cf21a6fefbdbf8723f06fcd2f63ef108f2854de715e4422cb4", size = 14073, upload-time = "2025-09-27T18:37:17.476Z" },
    { url = "https://files.pythonhosted.org/packages/3c/f0/57689aa4076e1b43b15fdfa646b04653969d50cf30c32a102762be2485da/markupsafe-3.0.3-cp314-cp314t-macosx_10_13_x86_64.whl", hash = "sha256:1353ef0c1b138e1907ae78e2f6c63ff67501122006b0f9abad68fda5f4ffc6ab", size = 11661, upload-time = "2025-09-27T18:37:18.453Z" },
    { url = "https://files.pythonhosted.org/packages/89/c3/2e67a7ca217c6912985ec766c6393b636fb0c2344443ff9d91404dc4c79f/markupsafe-3.0.3-cp314-cp314t-macosx_11_0_arm64.whl", hash = "sha256:1085e7fbddd3be5f89cc898938f42c0b3c711fdcb37d75221de2666af647c175", size = 12069, upload-time = "2025-09-27T18:37:19.332Z" },
    { url = "https://files.pythonhosted.org/packages/f0/00/be561dce4e6ca66b15276e184ce4b8aec61fe83662cce2f7d72bd3249d28/markupsafe-3.0.3-cp314-cp314t-manylinux2014_aarch64.manylinux_2_17_aarch64.manylinux_2_28_aarch64.whl", hash = "sha256:1b52b4fb9df4eb9ae465f8d0c228a00624de2334f216f178a995ccdcf82c4634", size = 25670, upload-time = "2025-09-27T18:37:20.245Z" },
    { url = "https://files.pythonhosted.org/packages/50/09/c419f6f5a92e5fadde27efd190eca90f05e1261b10dbd8cbcb39cd8ea1dc/markupsafe-3.0.3-cp314-cp314t-manylinux2014_x86_64.manylinux_2_17_x86_64.manylinux_2_28_x86_64.whl", hash = "sha256:fed51ac40f757d41b7c48425901843666a6677e3e8eb0abcff09e4ba6e664f50", size = 23598, upload-time = "2025-09-27T18:37:21.177Z" },
    { url = "https://files.pythonhosted.org/packages/22/44/a0681611106e0b2921b3033fc19bc53323e0b50bc70cffdd19f7d679bb66/markupsafe-3.0.3-cp314-cp314t-manylinux_2_31_riscv64.manylinux_2_39_riscv64.whl", hash = "sha256:f190daf01f13c72eac4efd5c430a8de82489d9cff23c364c3ea822545032993e", size = 23261, upload-time = "2025-09-27T18:37:22.167Z" },
    { url = "https://files.pythonhosted.org/packages/5f/57/1b0b3f100259dc9fffe780cfb60d4be71375510e435efec3d116b6436d43/markupsafe-3.0.3-cp314-cp314t-musllinux_1_2_aarch64.whl", hash = "sha256:e56b7d45a839a697b5eb268c82a71bd8c7f6c94d6fd50c3d577fa39a9f1409f5", size = 24835, upload-time = "2025-09-27T18:37:23.296Z" },
    { url = "https://files.pythonhosted.org/packages/26/6a/4bf6d0c97c4920f1597cc14dd720705eca0bf7c787aebc6bb4d1bead5388/markupsafe-3.0.3-cp314-cp314t-musllinux_1_2_riscv64.whl", hash = "sha256:f3e98bb3798ead92273dc0e5fd0f31ade220f59a266ffd8a4f6065e0a3ce0523", size = 22733, upload-time = "2025-09-27T18:37:24.237Z" },
    { url = "https://files.pythonhosted.org/packages/14/c7/ca723101509b518797fedc2fdf79ba57f886b4aca8a7d31857ba3ee8281f/markupsafe-3.0.3-cp314-cp314t-musllinux_1_2_x86_64.whl", hash = "sha256:5678211cb9333a6468fb8d8be0305520aa073f50d17f089b5b4b477ea6e67fdc", size = 23672, upload-time = "2025-09-27T18:37:25.271Z" },
    { url = "https://files.pythonhosted.org/packages/fb/df/5bd7a48c256faecd1d36edc13133e51397e41b73bb77e1a69deab746ebac/markupsafe-3.0.3-cp314-cp314t-win32.whl", hash = "sha256:915c04ba3851909ce68ccc2b8e2cd691618c4dc4c4232fb7982bca3f41fd8c3d", size = 14819, upload-time = "2025-09-27T18:37:26.285Z" },
    { url = "https://files.pythonhosted.org/packages/1a/8a/0402ba61a2f16038b48b39bccca271134be00c5c9f0f623208399333c448/markupsafe-3.0.3-cp314-cp314t-win_amd64.whl", hash = "sha256:4faffd047e07c38848ce017e8725090413cd80cbc23d86e55c587bf979e579c9", size = 15426, upload-time = "2025-09-27T18:37:27.316Z" },
    { url = "https://files.pythonhosted.org/packages/70/bc/6f1c2f612465f5fa89b95bead1f44dcb607670fd42891d8fdcd5d039f4f4/markupsafe-3.0.3-cp314-cp314t-win_arm64.whl", hash = "sha256:32001d6a8fc98c8cb5c947787c5d08b0a50663d139f1305bac5885d98d9b40fa", size = 14146, upload-time = "2025-09-27T18:37:28.327Z" },
]

[[package]]
name = "mypy-extensions"
version = "1.1.0"
source = { registry = "https://pypi.org/simple" }
sdist = { url = "https://files.pythonhosted.org/packages/a2/6e/371856a3fb9d31ca8dac321cda606860fa4548858c0cc45d9d1d4ca2628b/mypy_extensions-1.1.0.tar.gz", hash = "sha256:52e68efc3284861e772bbcd66823fde5ae21fd2fdb51c62a211403730b916558", size = 6343, upload-time = "2025-04-22T14:54:24.164Z" }
wheels = [
    { url = "https://files.pythonhosted.org/packages/79/7b/2c79738432f5c924bef5071f933bcc9efd0473bac3b4aa584a6f7c1c8df8/mypy_extensions-1.1.0-py3-none-any.whl", hash = "sha256:1be4cccdb0f2482337c4743e60421de3a356cd97508abadd57d47403e94f5505", size = 4963, upload-time = "2025-04-22T14:54:22.983Z" },
]

[[package]]
name = "packaging"
version = "26.3"
source = { registry = "https://pypi.org/simple" }
sdist = { url = "https://files.pythonhosted.org/packages/7d/fa/3944b40b07da9ce895c0e6303a5ab7d53da063554f534556b134a54d6093/packaging-26.3.tar.gz", hash = "sha256:94edc256424af38762eb31306eed28beb9f0efc50a8837492c9d6fd6004aed79", size = 313412, upload-time = "2026-08-04T18:15:28.737Z" }
wheels = [
    { url = "https://files.pythonhosted.org/packages/63/34/ba1c580383c9eada3711951fef0795c80b829a078d72188184bcab9dd527/packaging-26.3-py3-none-any.whl", hash = "sha256:d7193f7c8e4e93f444fde0262bf90af30e16fa0ad0ad44cb553c87339b23cd1c", size = 129956, upload-time = "2026-08-04T18:15:27.159Z" },
]

[[package]]
name = "pathspec"
version = "1.1.1"
source = { registry = "https://pypi.org/simple" }
sdist = { url = "https://files.pythonhosted.org/packages/5a/82/42f767fc1c1143d6fd36efb827202a2d997a375e160a71eb2888a925aac1/pathspec-1.1.1.tar.gz", hash = "sha256:17db5ecd524104a120e173814c90367a96a98d07c45b2e10c2f3919fff91bf5a", size = 135180, upload-time = "2026-04-27T01:46:08.907Z" }
wheels = [
    { url = "https://files.pythonhosted.org/packages/f1/d9/7fb5aa316bc299258e68c73ba3bddbc499654a07f151cba08f6153988714/pathspec-1.1.1-py3-none-any.whl", hash = "sha256:a00ce642f577bf7f473932318056212bc4f8bfdf53128c78bbd5af0b9b20b189", size = 57328, upload-time = "2026-04-27T01:46:07.06Z" },
]

[[package]]
name = "platformdirs"
version = "4.11.7"
source = { registry = "https://pypi.org/simple" }
sdist = { url = "https://files.pythonhosted.org/packages/69/b7/802a56eca9f2fac455b8bab5375a2647b0f0e14a2cd63ef077de3c4a7658/platformdirs-4.11.7.tar.gz", hash = "sha256:4f41487eeeeeb07f3a6625e61d9bc0ae6809f92d3386dbd74392fbb76108104d", size = 35127, upload-time = "2026-09-01T13:35:10.502Z" }
wheels = [
    { url = "https://files.pythonhosted.org/packages/27/6e/80993e10a0482f630cef528635789233224f36b1ffd11592aa15d13ff9ce/platformdirs-4.11.7-py3-none-any.whl", hash = "sha256:8a02cb259042c79d1cd0450facc2fe6dc9d303ae7901afbe33bf8ea0b188cef6", size = 23938, upload-time = "2026-09-01T13:35:09.02Z" },
]

[[package]]
name = "psycopg"
version = "3.3.5"
source = { registry = "https://pypi.org/simple" }
dependencies = [
    { name = "tzdata", marker = "sys_platform == 'win32'" },
]
sdist = { url = "https://files.pythonhosted.org/packages/72/73/8fb739d0f6bba247b9b93c9840c402a4f88545be5f1d4b02b23366371c00/psycopg-3.3.5.tar.gz", hash = "sha256:d0a3d9ccf5788af054cbd745278cb02401b5c312aeaafbf2c6144460aec47da4", size = 166508, upload-time = "2026-08-31T22:45:43.151Z" }
wheels = [
    { url = "https://files.pythonhosted.org/packages/3d/2e/d0a645bcaadde68bd6d93c43f02f14b0191bdda367ce3f7722abe3da744a/psycopg-3.3.5-py3-none-any.whl", hash = "sha256:ce5aa5cdb4f9379f00f487590e5890bfa7df9a164648c969ffa628505e21af4e", size = 213598, upload-time = "2026-08-31T22:39:02.184Z" },
]

[package.optional-dependencies]
binary = [
    { name = "psycopg-binary", marker = "implementation_name != 'pypy'" },
]

[[package]]
name = "psycopg-binary"
version = "3.3.5"
source = { registry = "https://pypi.org/simple" }
wheels = [
    { url = "https://files.pythonhosted.org/packages/46/7f/4e2395da194558533bd9c31f35e4dc58ecbbae6a7176b0d2f72d629e8a51/psycopg_binary-3.3.5-cp314-cp314-macosx_10_15_x86_64.whl", hash = "sha256:40f8b132c7243ef5f503f0b6f986bf16d38a51b0df1c6ba2577743f128be03e3", size = 4712612, upload-time = "2026-08-31T22:44:25.723Z" },
    { url = "https://files.pythonhosted.org/packages/ae/94/fdb2093c8ccd7048449156db526ad746740cf34fe9c01e5dc1b7a7a8b257/psycopg_binary-3.3.5-cp314-cp314-macosx_11_0_arm64.whl", hash = "sha256:c0cac998b9b1e82dec853d2e53b3d34d56a525cf231f9441a636cfd5992929a9", size = 4775139, upload-time = "2026-08-31T22:44:36.719Z" },
    { url = "https://files.pythonhosted.org/packages/31/52/5195e87960715f7be2005761b72d56fce4e7757d5333fd40384f071c2de1/psycopg_binary-3.3.5-cp314-cp314-manylinux2014_ppc64le.manylinux_2_17_ppc64le.whl", hash = "sha256:479b96fd78149cfa10369dc53fbfb89ee729be13146b584a23dbc7e164c0cf1e", size = 5556807, upload-time = "2026-08-31T22:44:42.668Z" },
    { url = "https://files.pythonhosted.org/packages/f7/42/2d616210a91e1327516ed5ae71961aaa31bb740e4a61d7190f2221685a40/psycopg_binary-3.3.5-cp314-cp314-manylinux2014_x86_64.manylinux_2_17_x86_64.whl", hash = "sha256:f45d77e398542ce0937d9fa3cd9d84e9c5fc6b34c50a66404ae840bada312750", size = 5236206, upload-time = "2026-08-31T22:44:47.943Z" },
    { url = "https://files.pythonhosted.org/packages/08/2e/e54b0d4cc263b3526e3728bb50a69660d5e79e52255ccd2a1a71e40e6f9a/psycopg_binary-3.3.5-cp314-cp314-manylinux_2_27_aarch64.manylinux_2_28_aarch64.whl", hash = "sha256:98a388509306e5e08a4203253ac52846bc1b034e5cbd0ae6da1211593cc28594", size = 6838066, upload-time = "2026-08-31T22:44:55.701Z" },
    { url = "https://files.pythonhosted.org/packages/77/80/ec22a110f81a44c411965982097efeee86006bdd5a1f51f628318106c84c/psycopg_binary-3.3.5-cp314-cp314-manylinux_2_38_riscv64.manylinux_2_39_riscv64.whl", hash = "sha256:ab39e2794b95af61a2ff69e33e5ab6ac5df36e9ffea9a3b18e38b2aaca8c5ad5", size = 5072036, upload-time = "2026-08-31T22:45:02.838Z" },
    { url = "https://files.pythonhosted.org/packages/93/55/7bc3c3ac769ab4fe0c619f2179b4aab3ae043f4d478283dd8279d24c0be4/psycopg_binary-3.3.5-cp314-cp314-musllinux_1_2_aarch64.whl", hash = "sha256:9c071bf78e5c2e6efa40bc9089a954d7b41221347a72f35c6bf2d8c96e632f75", size = 4604058, upload-time = "2026-08-31T22:45:10.444Z" },
    { url = "https://files.pythonhosted.org/packages/a3/69/8e7414f7dc10b2959e664330cdcf393e412f67355975dafa876cef265264/psycopg_binary-3.3.5-cp314-cp314-musllinux_1_2_ppc64le.whl", hash = "sha256:14fdfd65a96ecbd8b586d14546105641f4a6ac7cbe335c786830ea4de94bbe60", size = 4284766, upload-time = "2026-08-31T22:45:17.881Z" },
    { url = "https://files.pythonhosted.org/packages/c1/72/33f293c1d3ee9114f47e9ef4880f31c9de864e84a9b09454c26e106c25ed/psycopg_binary-3.3.5-cp314-cp314-musllinux_1_2_riscv64.whl", hash = "sha256:8dbd694f3741dd4ac5bc60b70e17f7841aefb3f0f38cef4d2756de270e03af43", size = 4011958, upload-time = "2026-08-31T22:45:24.792Z" },
    { url = "https://files.pythonhosted.org/packages/b7/c9/8e38840e5a7d006987bbc9acb29951912253fa50549a4db92b3aa535f089/psycopg_binary-3.3.5-cp314-cp314-musllinux_1_2_x86_64.whl", hash = "sha256:14f432430fd9e1a9e7d9ab2fe14956c77f5d074ebdc556a1ad04e9a1bd3fca04", size = 4323273, upload-time = "2026-08-31T22:45:32.973Z" },
    { url = "https://files.pythonhosted.org/packages/fc/c7/b7ebf601c307f93e7c4c4ebac0edc9db3b2729ca038efe700a18f86b5517/psycopg_binary-3.3.5-cp314-cp314-win_amd64.whl", hash = "sha256:df209e64674a34b41662c67fdc8b4e0ffd77d2136393790691d086a09f9a6cab", size = 3745885, upload-time = "2026-08-31T22:45:40.537Z" },
]

[[package]]
name = "pytokens"
version = "0.4.1"
source = { registry = "https://pypi.org/simple" }
sdist = { url = "https://files.pythonhosted.org/packages/b6/34/b4e015b99031667a7b960f888889c5bd34ef585c85e1cb56a594b92836ac/pytokens-0.4.1.tar.gz", hash = "sha256:292052fe80923aae2260c073f822ceba21f3872ced9a68bb7953b348e561179a", size = 23015, upload-time = "2026-01-30T01:03:45.924Z" }
wheels = [
    { url = "https://files.pythonhosted.org/packages/8f/a7/b470f672e6fc5fee0a01d9e75005a0e617e162381974213a945fcd274843/pytokens-0.4.1-cp314-cp314-macosx_11_0_arm64.whl", hash = "sha256:4a14d5f5fc78ce85e426aa159489e2d5961acf0e47575e08f35584009178e321", size = 160821, upload-time = "2026-01-30T01:03:19.684Z" },
    { url = "https://files.pythonhosted.org/packages/80/98/e83a36fe8d170c911f864bfded690d2542bfcfacb9c649d11a9e6eb9dc41/pytokens-0.4.1-cp314-cp314-manylinux2014_aarch64.manylinux_2_17_aarch64.manylinux_2_28_aarch64.whl", hash = "sha256:97f50fd18543be72da51dd505e2ed20d2228c74e0464e4262e4899797803d7fa", size = 254263, upload-time = "2026-01-30T01:03:20.834Z" },
    { url = "https://files.pythonhosted.org/packages/0f/95/70d7041273890f9f97a24234c00b746e8da86df462620194cef1d411ddeb/pytokens-0.4.1-cp314-cp314-manylinux2014_x86_64.manylinux_2_17_x86_64.manylinux_2_28_x86_64.whl", hash = "sha256:dc74c035f9bfca0255c1af77ddd2d6ae8419012805453e4b0e7513e17904545d", size = 268071, upload-time = "2026-01-30T01:03:21.888Z" },
    { url = "https://files.pythonhosted.org/packages/da/79/76e6d09ae19c99404656d7db9c35dfd20f2086f3eb6ecb496b5b31163bad/pytokens-0.4.1-cp314-cp314-musllinux_1_2_x86_64.whl", hash = "sha256:f66a6bbe741bd431f6d741e617e0f39ec7257ca1f89089593479347cc4d13324", size = 271716, upload-time = "2026-01-30T01:03:23.633Z" },
    { url = "https://files.pythonhosted.org/packages/79/37/482e55fa1602e0a7ff012661d8c946bafdc05e480ea5a32f4f7e336d4aa9/pytokens-0.4.1-cp314-cp314-win_amd64.whl", hash = "sha256:b35d7e5ad269804f6697727702da3c517bb8a5228afa450ab0fa787732055fc9", size = 104539, upload-time = "2026-01-30T01:03:24.788Z" },
    { url = "https://files.pythonhosted.org/packages/30/e8/20e7db907c23f3d63b0be3b8a4fd1927f6da2395f5bcc7f72242bb963dfe/pytokens-0.4.1-cp314-cp314t-macosx_11_0_arm64.whl", hash = "sha256:8fcb9ba3709ff77e77f1c7022ff11d13553f3c30299a9fe246a166903e9091eb", size = 168474, upload-time = "2026-01-30T01:03:26.428Z" },
    { url = "https://files.pythonhosted.org/packages/d6/81/88a95ee9fafdd8f5f3452107748fd04c24930d500b9aba9738f3ade642cc/pytokens-0.4.1-cp314-cp314t-manylinux2014_aarch64.manylinux_2_17_aarch64.manylinux_2_28_aarch64.whl", hash = "sha256:79fc6b8699564e1f9b521582c35435f1bd32dd06822322ec44afdeba666d8cb3", size = 290473, upload-time = "2026-01-30T01:03:27.415Z" },
    { url = "https://files.pythonhosted.org/packages/cf/35/3aa899645e29b6375b4aed9f8d21df219e7c958c4c186b465e42ee0a06bf/pytokens-0.4.1-cp314-cp314t-manylinux2014_x86_64.manylinux_2_17_x86_64.manylinux_2_28_x86_64.whl", hash = "sha256:d31b97b3de0f61571a124a00ffe9a81fb9939146c122c11060725bd5aea79975", size = 303485, upload-time = "2026-01-30T01:03:28.558Z" },
    { url = "https://files.pythonhosted.org/packages/52/a0/07907b6ff512674d9b201859f7d212298c44933633c946703a20c25e9d81/pytokens-0.4.1-cp314-cp314t-musllinux_1_2_x86_64.whl", hash = "sha256:967cf6e3fd4adf7de8fc73cd3043754ae79c36475c1c11d514fc72cf5490094a", size = 306698, upload-time = "2026-01-30T01:03:29.653Z" },
    { url = "https://files.pythonhosted.org/packages/39/2a/cbbf9250020a4a8dd53ba83a46c097b69e5eb49dd14e708f496f548c6612/pytokens-0.4.1-cp314-cp314t-win_amd64.whl", hash = "sha256:584c80c24b078eec1e227079d56dc22ff755e0ba8654d8383b2c549107528918", size = 116287, upload-time = "2026-01-30T01:03:30.912Z" },
    { url = "https://files.pythonhosted.org/packages/c6/78/397db326746f0a342855b81216ae1f0a32965deccfd7c830a2dbc66d2483/pytokens-0.4.1-py3-none-any.whl", hash = "sha256:26cef14744a8385f35d0e095dc8b3a7583f6c953c2e3d269c7f82484bf5ad2de", size = 13729, upload-time = "2026-01-30T01:03:45.029Z" },
]

[[package]]
name = "sqlalchemy"
version = "2.0.52"
source = { registry = "https://pypi.org/simple" }
dependencies = [
    { name = "greenlet", marker = "platform_machine == 'AMD64' or platform_machine == 'WIN32' or platform_machine == 'aarch64' or platform_machine == 'amd64' or platform_machine == 'ppc64le' or platform_machine == 'win32' or platform_machine == 'x86_64'" },
    { name = "typing-extensions" },
]
sdist = { url = "https://files.pythonhosted.org/packages/3b/21/77b4c147963073040dc3c3a5cb7a8c3001a1893c0209432cb77f9df836aa/sqlalchemy-2.0.52.tar.gz", hash = "sha256:5e2d46356ac2ccb7d268ab6c2319ac6a2b42f1b8d5fd8bd3d46855cd82abee97", size = 9945637, upload-time = "2026-08-11T19:07:09.829Z" }
wheels = [
    { url = "https://files.pythonhosted.org/packages/d5/f5/71cb30af58c9b80a4e1fac0b73bb48f86d497a774a6a2eb6d2f1e657bb73/sqlalchemy-2.0.52-cp314-cp314-macosx_11_0_arm64.whl", hash = "sha256:410d52be41d17f1a236d19520fbe776257dc16516ed06bd16d433311842aefd9", size = 2169537, upload-time = "2026-08-11T20:58:13.855Z" },
    { url = "https://files.pythonhosted.org/packages/4c/93/d07ebd645d1b07b6b5ed63450a70f063a346a7e0f2c8810daf2e532400cb/sqlalchemy-2.0.52-cp314-cp314-manylinux2014_aarch64.manylinux_2_17_aarch64.manylinux_2_28_aarch64.whl", hash = "sha256:dfe9ce533dbe4d0a2ae1486546619bd30b76bcd670539a44d910361376175f5e", size = 3319606, upload-time = "2026-08-11T21:02:45.829Z" },
    { url = "https://files.pythonhosted.org/packages/ae/5c/290c84c7c2566ecd3b65baaae0fddec9bc33b033b398a06123bb86fbfc6e/sqlalchemy-2.0.52-cp314-cp314-manylinux2014_x86_64.manylinux_2_17_x86_64.manylinux_2_28_x86_64.whl", hash = "sha256:812bae5138bfc0aa46fb0686da0fc7f581f68e2bbb05bc24c3713bebaedd1437", size = 3323642, upload-time = "2026-08-11T21:17:05.675Z" },
    { url = "https://files.pythonhosted.org/packages/13/f5/2cc160590ca49173359557880b92a0572293ccb899e8f6cedf150c5a3ddf/sqlalchemy-2.0.52-cp314-cp314-musllinux_1_2_aarch64.whl", hash = "sha256:50bff43b632a56fbf5ed9afdd76307e1512b62051bcd5afb341ae67205bbb6c8", size = 3268125, upload-time = "2026-08-11T21:02:47.649Z" },
    { url = "https://files.pythonhosted.org/packages/35/f3/ea8933fc9f7d1353e9c2ff9965eae687c4cef181120574591ed2fa0633e1/sqlalchemy-2.0.52-cp314-cp314-musllinux_1_2_x86_64.whl", hash = "sha256:49565daf5af554f538e23aef1fc81a95a4e49658f152285e45c02f5fc44f04cd", size = 3289516, upload-time = "2026-08-11T21:17:07.267Z" },
    { url = "https://files.pythonhosted.org/packages/45/67/05cf86541c1e1716fca1e4a996954a439cd74501707cda607fb7cb02ef50/sqlalchemy-2.0.52-cp314-cp314-win32.whl", hash = "sha256:ab9da41e61b9979b910499d633b241df20c51ee5037e5405b11c2faac3cbe1a2", size = 2130249, upload-time = "2026-08-11T21:14:57.273Z" },
    { url = "https://files.pythonhosted.org/packages/96/d7/8ac6ffa1e36169e762ef65bd835046abb2251b1bc17f8f6708e14ed8d31f/sqlalchemy-2.0.52-cp314-cp314-win_amd64.whl", hash = "sha256:a593db51b3bae75db17a5738ad5f992244b3a03863f83c28117ee482c6a3f76d", size = 2156718, upload-time = "2026-08-11T21:14:58.667Z" },
    { url = "https://files.pythonhosted.org/packages/dc/4b/e01a737eef378e734cc6394a82248a6ce13b167dfa36c731075ce9fc9c64/sqlalchemy-2.0.52-cp314-cp314t-macosx_11_0_arm64.whl", hash = "sha256:c1e61d08bdf4ee2f41024569e3400de7d6734ba498144766b11260936ccfa582", size = 2190344, upload-time = "2026-08-11T19:53:21.393Z" },
    { url = "https://files.pythonhosted.org/packages/b3/3f/3582293d1e185e71d19d7c731c3e2ee20ba21981c4a1115c0806c1f62120/sqlalchemy-2.0.52-py3-none-any.whl", hash = "sha256:3b81b8363a919ce53453591cdb93702e6bd54ade6c4fa2f468fc053baee5ed89", size = 1950700, upload-time = "2026-08-11T20:47:21.603Z" },
]

[[package]]
name = "typing-extensions"
version = "4.16.0"
source = { registry = "https://pypi.org/simple" }
sdist = { url = "https://files.pythonhosted.org/packages/f6/cc/6253133b5bb138fc3306cebfbda2c520f545d36b5be2c7255cc528bb45d6/typing_extensions-4.16.0.tar.gz", hash = "sha256:dc983d19a509c94dba722ee6abd33940f7c05a89e243c47e907eb4db6f1a43e5", size = 113555, upload-time = "2026-07-02T08:40:05.92Z" }
wheels = [
    { url = "https://files.pythonhosted.org/packages/49/d3/b8441a820a491ddfc024b0b0cf0393375b75ea13866d9c66727e54c2fc80/typing_extensions-4.16.0-py3-none-any.whl", hash = "sha256:481caa481374e813c1b176ada14e97f1f67a4539ce9cfeb3f350d78d6370c2e8", size = 45571, upload-time = "2026-07-02T08:40:04.659Z" },
]

[[package]]
name = "tzdata"
version = "2026.3"
source = { registry = "https://pypi.org/simple" }
sdist = { url = "https://files.pythonhosted.org/packages/92/ff/5a28bdfd8c3ebec42564ac7d0e54ca3db65044a9314a97f9564fa7a1e926/tzdata-2026.3.tar.gz", hash = "sha256:4a1518b8993086a7982523e071643f3c0e5f213e75b21318e78bcabfff9d1415", size = 198674, upload-time = "2026-07-10T08:50:37.887Z" }
wheels = [
    { url = "https://files.pythonhosted.org/packages/e5/6d/b53b99a9f2766d095985947a5782f1702cabb129a34f7a802d7197af832f/tzdata-2026.3-py2.py3-none-any.whl", hash = "sha256:dc096730c87af6cab1b171c9d532be840741ff5d459015e7f6947bd7d7e54931", size = 348168, upload-time = "2026-07-10T08:50:36.46Z" },
]
